
Microsoft Visual Studio Solution File, Format Version 12.00
# Visual Studio 15
VisualStudioVersion = 15.0.28307.438
MinimumVisualStudioVersion = 10.0.40219.1
Project("{FAE04EC0-301F-11D3-BF4B-00C04F79EFBC}") = "Todo2", "Todo2\Todo2.csproj", "{416963F6-C83C-4F74-B512-95FBB3D17BC1}"
EndProject
Project("{FAE04EC0-301F-11D3-BF4B-00C04F79EFBC}") = "Todo2.Tests", "Todo2.Tests\Todo2.Tests.csproj", "{846EECF8-FB12-498B-A86E-377B27C30BCE}"
EndProject
Global
	GlobalSection(SolutionConfigurationPlatforms) = preSolution
		Debug|Any CPU = Debug|Any CPU
		Release|Any CPU = Release|Any CPU
	EndGlobalSection
	GlobalSection(ProjectConfigurationPlatforms) = postSolution
		{416963F6-C83C-4F74-B512-95FBB3D17BC1}.Debug|Any CPU.ActiveCfg = Debug|Any CPU
		{416963F6-C83C-4F74-B512-95FBB3D17BC1}.Debug|Any CPU.Build.0 = Debug|Any CPU
		{416963F6-C83C-4F74-B512-95FBB3D17BC1}.Release|Any CPU.ActiveCfg = Release|Any CPU
		{416963F6-C83C-4F74-B512-95FBB3D17BC1}.Release|Any CPU.Build.0 = Release|Any CPU
		{846EECF8-FB12-498B-A86E-377B27C30BCE}.Debug|Any CPU.ActiveCfg = Debug|Any CPU
		{846EECF8-FB12-498B-A86E-377B27C30BCE}.Debug|Any CPU.Build.0 = Debug|Any CPU
		{846EECF8-FB12-498B-A86E-377B27C30BCE}.Release|Any CPU.ActiveCfg = Release|Any CPU
		{846EECF8-FB12-498B-A86E-377B27C30BCE}.Release|Any CPU.Build.0 = Release|Any CPU
	EndGlobalSection
	GlobalSection(SolutionProperties) = preSolution
		HideSolutionNode = FALSE
	EndGlobalSection
	GlobalSection(ExtensibilityGlobals) = postSolution
		SolutionGuid = {E776DC4B-C8C1-465E-9A80-907DC5968436}
	EndGlobalSection
EndGlobal
