
Microsoft Visual Studio Solution File, Format Version 12.00
# Visual Studio 15
VisualStudioVersion = 15.0.28307.438
MinimumVisualStudioVersion = 10.0.40219.1
Project("{FAE04EC0-301F-11D3-BF4B-00C04F79EFBC}") = "ToDoApp", "ToDoApp\ToDoApp.csproj", "{ADED4B07-01D5-44E0-B2BF-BC07DF44B49E}"
EndProject
Global
	GlobalSection(SolutionConfigurationPlatforms) = preSolution
		Debug|Any CPU = Debug|Any CPU
		Release|Any CPU = Release|Any CPU
	EndGlobalSection
	GlobalSection(ProjectConfigurationPlatforms) = postSolution
		{ADED4B07-01D5-44E0-B2BF-BC07DF44B49E}.Debug|Any CPU.ActiveCfg = Debug|Any CPU
		{ADED4B07-01D5-44E0-B2BF-BC07DF44B49E}.Debug|Any CPU.Build.0 = Debug|Any CPU
		{ADED4B07-01D5-44E0-B2BF-BC07DF44B49E}.Release|Any CPU.ActiveCfg = Release|Any CPU
		{ADED4B07-01D5-44E0-B2BF-BC07DF44B49E}.Release|Any CPU.Build.0 = Release|Any CPU
	EndGlobalSection
	GlobalSection(SolutionProperties) = preSolution
		HideSolutionNode = FALSE
	EndGlobalSection
	GlobalSection(ExtensibilityGlobals) = postSolution
		SolutionGuid = {E3A76821-EBFF-403F-A384-558ECB6C7079}
	EndGlobalSection
EndGlobal
